
Microsoft Visual Studio Solution File, Format Version 12.00
# Visual Studio Version 17
VisualStudioVersion = 17.6.33815.320
MinimumVisualStudioVersion = 10.0.40219.1
Project("{FAE04EC0-301F-11D3-BF4B-00C04F79EFBC}") = "MuffinBot", "MuffinBot\MuffinBot.csproj", "{870F6A1C-721D-4C8C-82AA-9FD742EEDA89}"
EndProject
Global
	GlobalSection(SolutionConfigurationPlatforms) = preSolution
		Debug|Any CPU = Debug|Any CPU
		Release|Any CPU = Release|Any CPU
	EndGlobalSection
	GlobalSection(ProjectConfigurationPlatforms) = postSolution
		{870F6A1C-721D-4C8C-82AA-9FD742EEDA89}.Debug|Any CPU.ActiveCfg = Debug|Any CPU
		{870F6A1C-721D-4C8C-82AA-9FD742EEDA89}.Debug|Any CPU.Build.0 = Debug|Any CPU
		{870F6A1C-721D-4C8C-82AA-9FD742EEDA89}.Release|Any CPU.ActiveCfg = Release|Any CPU
		{870F6A1C-721D-4C8C-82AA-9FD742EEDA89}.Release|Any CPU.Build.0 = Release|Any CPU
	EndGlobalSection
	GlobalSection(SolutionProperties) = preSolution
		HideSolutionNode = FALSE
	EndGlobalSection
	GlobalSection(ExtensibilityGlobals) = postSolution
		SolutionGuid = {086E9726-0645-4A97-B75E-ECA7CD62C10D}
	EndGlobalSection
EndGlobal
